
Microsoft Visual Studio Solution File, Format Version 12.00
# Visual Studio Version 16
VisualStudioVersion = 16.0.31515.178
MinimumVisualStudioVersion = 10.0.40219.1
Project("{FAE04EC0-301F-11D3-BF4B-00C04F79EFBC}") = "WinFormTimeCard", "WinFormTimeCard\WinFormTimeCard.csproj", "{7BDD6937-65DD-4BA8-8918-E850BC59ECE7}"
EndProject
Project("{FAE04EC0-301F-11D3-BF4B-00C04F79EFBC}") = "WinFormTimeCardTests", "WinFormTimeCardTests\WinFormTimeCardTests.csproj", "{739FEDE4-8E79-4A2F-9AB3-6DE8975F23B1}"
EndProject
Global
	GlobalSection(SolutionConfigurationPlatforms) = preSolution
		Debug|Any CPU = Debug|Any CPU
		Release|Any CPU = Release|Any CPU
	EndGlobalSection
	GlobalSection(ProjectConfigurationPlatforms) = postSolution
		{7BDD6937-65DD-4BA8-8918-E850BC59ECE7}.Debug|Any CPU.ActiveCfg = Debug|Any CPU
		{7BDD6937-65DD-4BA8-8918-E850BC59ECE7}.Debug|Any CPU.Build.0 = Debug|Any CPU
		{7BDD6937-65DD-4BA8-8918-E850BC59ECE7}.Release|Any CPU.ActiveCfg = Release|Any CPU
		{7BDD6937-65DD-4BA8-8918-E850BC59ECE7}.Release|Any CPU.Build.0 = Release|Any CPU
		{739FEDE4-8E79-4A2F-9AB3-6DE8975F23B1}.Debug|Any CPU.ActiveCfg = Debug|Any CPU
		{739FEDE4-8E79-4A2F-9AB3-6DE8975F23B1}.Debug|Any CPU.Build.0 = Debug|Any CPU
		{739FEDE4-8E79-4A2F-9AB3-6DE8975F23B1}.Release|Any CPU.ActiveCfg = Release|Any CPU
		{739FEDE4-8E79-4A2F-9AB3-6DE8975F23B1}.Release|Any CPU.Build.0 = Release|Any CPU
	EndGlobalSection
	GlobalSection(SolutionProperties) = preSolution
		HideSolutionNode = FALSE
	EndGlobalSection
	GlobalSection(ExtensibilityGlobals) = postSolution
		SolutionGuid = {12496785-5F8F-40F7-AFAE-131453703E6A}
	EndGlobalSection
EndGlobal
